
Microsoft Visual Studio Solution File, Format Version 12.00
# Visual Studio Version 16
VisualStudioVersion = 16.0.30621.155
MinimumVisualStudioVersion = 10.0.40219.1
Project("{FAE04EC0-301F-11D3-BF4B-00C04F79EFBC}") = "WSTesting", "WSTesting\WSTesting.csproj", "{58EF5AA0-1C64-4B64-9FDB-38A1CBE1ECDC}"
EndProject
Global
	GlobalSection(SolutionConfigurationPlatforms) = preSolution
		Debug|Any CPU = Debug|Any CPU
		Release|Any CPU = Release|Any CPU
	EndGlobalSection
	GlobalSection(ProjectConfigurationPlatforms) = postSolution
		{58EF5AA0-1C64-4B64-9FDB-38A1CBE1ECDC}.Debug|Any CPU.ActiveCfg = Debug|Any CPU
		{58EF5AA0-1C64-4B64-9FDB-38A1CBE1ECDC}.Debug|Any CPU.Build.0 = Debug|Any CPU
		{58EF5AA0-1C64-4B64-9FDB-38A1CBE1ECDC}.Release|Any CPU.ActiveCfg = Release|Any CPU
		{58EF5AA0-1C64-4B64-9FDB-38A1CBE1ECDC}.Release|Any CPU.Build.0 = Release|Any CPU
	EndGlobalSection
	GlobalSection(SolutionProperties) = preSolution
		HideSolutionNode = FALSE
	EndGlobalSection
	GlobalSection(ExtensibilityGlobals) = postSolution
		SolutionGuid = {7693CDB4-FA8C-4E85-B00C-49BFE6A0E090}
	EndGlobalSection
EndGlobal
